
Microsoft Visual Studio Solution File, Format Version 12.00
# Visual Studio Version 16
VisualStudioVersion = 16.0.30011.22
MinimumVisualStudioVersion = 10.0.40219.1
Project("{9A19103F-16F7-4668-BE54-9A1E7A4F7556}") = "Vita.IdentityServer", "Vita.IdentityServer\Vita.IdentityServer.csproj", "{2569C962-3744-4DD2-B140-AC67D8D69A55}"
EndProject
Project("{2150E333-8FDC-42A3-9474-1A3956D46DE8}") = "Solution Items", "Solution Items", "{8AE8EC71-1A50-46D0-8B7C-184277701258}"
	ProjectSection(SolutionItems) = preProject
		azure-pipelines.yml = azure-pipelines.yml
		LICENSE = LICENSE
		README.md = README.md
	EndProjectSection
EndProject
Global
	GlobalSection(SolutionConfigurationPlatforms) = preSolution
		Debug|Any CPU = Debug|Any CPU
		Release|Any CPU = Release|Any CPU
	EndGlobalSection
	GlobalSection(ProjectConfigurationPlatforms) = postSolution
		{2569C962-3744-4DD2-B140-AC67D8D69A55}.Debug|Any CPU.ActiveCfg = Debug|Any CPU
		{2569C962-3744-4DD2-B140-AC67D8D69A55}.Debug|Any CPU.Build.0 = Debug|Any CPU
		{2569C962-3744-4DD2-B140-AC67D8D69A55}.Release|Any CPU.ActiveCfg = Release|Any CPU
		{2569C962-3744-4DD2-B140-AC67D8D69A55}.Release|Any CPU.Build.0 = Release|Any CPU
	EndGlobalSection
	GlobalSection(SolutionProperties) = preSolution
		HideSolutionNode = FALSE
	EndGlobalSection
	GlobalSection(ExtensibilityGlobals) = postSolution
		SolutionGuid = {29CFAE50-33E6-4AAA-BA75-836AAEDF451B}
	EndGlobalSection
EndGlobal
