
Microsoft Visual Studio Solution File, Format Version 12.00
# Visual Studio Version 16
VisualStudioVersion = 16.0.29215.179
MinimumVisualStudioVersion = 10.0.40219.1
Project("{9A19103F-16F7-4668-BE54-9A1E7A4F7556}") = "Vita.API", "1-Presentation\Vita.API\Vita.API.csproj", "{82649291-C622-4B89-9254-CAFE2A1651E8}"
EndProject
Project("{9A19103F-16F7-4668-BE54-9A1E7A4F7556}") = "Vita.Application", "2-Application\Vita.Application\Vita.Application.csproj", "{AE6001FE-C278-4736-9B80-44E58A627F5A}"
EndProject
Project("{9A19103F-16F7-4668-BE54-9A1E7A4F7556}") = "Vita.Persistance.Sql", "0-Infrastructure\Vita.Persistance.SQL\Vita.Persistance.Sql.csproj", "{7ACDD6BD-2415-4325-8F6D-ED7C77B36C91}"
EndProject
Project("{9A19103F-16F7-4668-BE54-9A1E7A4F7556}") = "Vita.Domain", "3-Domain\Vita.Domain\Vita.Domain.csproj", "{DC1C093D-32C2-4C22-B29A-593BA868DBCD}"
EndProject
Project("{FAE04EC0-301F-11D3-BF4B-00C04F79EFBC}") = "Vita.Persistance.Abstractions", "Vita.Persistance\Vita.Persistance.Abstractions.csproj", "{4E3EF13A-7EEB-4618-A3D1-C586F28F0FFC}"
EndProject
Global
	GlobalSection(SolutionConfigurationPlatforms) = preSolution
		Debug|Any CPU = Debug|Any CPU
		Release|Any CPU = Release|Any CPU
	EndGlobalSection
	GlobalSection(ProjectConfigurationPlatforms) = postSolution
		{82649291-C622-4B89-9254-CAFE2A1651E8}.Debug|Any CPU.ActiveCfg = Debug|Any CPU
		{82649291-C622-4B89-9254-CAFE2A1651E8}.Debug|Any CPU.Build.0 = Debug|Any CPU
		{82649291-C622-4B89-9254-CAFE2A1651E8}.Release|Any CPU.ActiveCfg = Release|Any CPU
		{82649291-C622-4B89-9254-CAFE2A1651E8}.Release|Any CPU.Build.0 = Release|Any CPU
		{AE6001FE-C278-4736-9B80-44E58A627F5A}.Debug|Any CPU.ActiveCfg = Debug|Any CPU
		{AE6001FE-C278-4736-9B80-44E58A627F5A}.Debug|Any CPU.Build.0 = Debug|Any CPU
		{AE6001FE-C278-4736-9B80-44E58A627F5A}.Release|Any CPU.ActiveCfg = Release|Any CPU
		{AE6001FE-C278-4736-9B80-44E58A627F5A}.Release|Any CPU.Build.0 = Release|Any CPU
		{7ACDD6BD-2415-4325-8F6D-ED7C77B36C91}.Debug|Any CPU.ActiveCfg = Debug|Any CPU
		{7ACDD6BD-2415-4325-8F6D-ED7C77B36C91}.Debug|Any CPU.Build.0 = Debug|Any CPU
		{7ACDD6BD-2415-4325-8F6D-ED7C77B36C91}.Release|Any CPU.ActiveCfg = Release|Any CPU
		{7ACDD6BD-2415-4325-8F6D-ED7C77B36C91}.Release|Any CPU.Build.0 = Release|Any CPU
		{DC1C093D-32C2-4C22-B29A-593BA868DBCD}.Debug|Any CPU.ActiveCfg = Debug|Any CPU
		{DC1C093D-32C2-4C22-B29A-593BA868DBCD}.Debug|Any CPU.Build.0 = Debug|Any CPU
		{DC1C093D-32C2-4C22-B29A-593BA868DBCD}.Release|Any CPU.ActiveCfg = Release|Any CPU
		{DC1C093D-32C2-4C22-B29A-593BA868DBCD}.Release|Any CPU.Build.0 = Release|Any CPU
		{4E3EF13A-7EEB-4618-A3D1-C586F28F0FFC}.Debug|Any CPU.ActiveCfg = Debug|Any CPU
		{4E3EF13A-7EEB-4618-A3D1-C586F28F0FFC}.Debug|Any CPU.Build.0 = Debug|Any CPU
		{4E3EF13A-7EEB-4618-A3D1-C586F28F0FFC}.Release|Any CPU.ActiveCfg = Release|Any CPU
		{4E3EF13A-7EEB-4618-A3D1-C586F28F0FFC}.Release|Any CPU.Build.0 = Release|Any CPU
	EndGlobalSection
	GlobalSection(SolutionProperties) = preSolution
		HideSolutionNode = FALSE
	EndGlobalSection
	GlobalSection(ExtensibilityGlobals) = postSolution
		SolutionGuid = {9BA39A1B-5F34-4CC4-AA3F-ED14F85A1A61}
	EndGlobalSection
EndGlobal
